Microsoft Visual Studio Solution File, Format Version 12.00
# Visual Studio Express 2012 for Windows Desktop
Project("{FAE04EC0-301F-11D3-BF4B-00C04F79EFBC}") = "Employee Parser", "Employee Parser.csproj", "{750F1CA9-E544-449C-9690-67AC7D6BA023}"
EndProject
Project("{FAE04EC0-301F-11D3-BF4B-00C04F79EFBC}") = "csvformattingtools", "..\csvformattingproject\csvformattingtools\csvformattingtools.csproj", "{0B53EBD5-146C-48B3-B8DE-010CF2A5F95C}"
EndProject
Global
	GlobalSection(SolutionConfigurationPlatforms) = preSolution
		Debug|Any CPU = Debug|Any CPU
		Release|Any CPU = Release|Any CPU
	EndGlobalSection
	GlobalSection(ProjectConfigurationPlatforms) = postSolution
		{750F1CA9-E544-449C-9690-67AC7D6BA023}.Debug|Any CPU.ActiveCfg = Debug|Any CPU
		{750F1CA9-E544-449C-9690-67AC7D6BA023}.Debug|Any CPU.Build.0 = Debug|Any CPU
		{750F1CA9-E544-449C-9690-67AC7D6BA023}.Release|Any CPU.ActiveCfg = Release|Any CPU
		{750F1CA9-E544-449C-9690-67AC7D6BA023}.Release|Any CPU.Build.0 = Release|Any CPU
		{0B53EBD5-146C-48B3-B8DE-010CF2A5F95C}.Debug|Any CPU.ActiveCfg = Debug|Any CPU
		{0B53EBD5-146C-48B3-B8DE-010CF2A5F95C}.Debug|Any CPU.Build.0 = Debug|Any CPU
		{0B53EBD5-146C-48B3-B8DE-010CF2A5F95C}.Release|Any CPU.ActiveCfg = Release|Any CPU
		{0B53EBD5-146C-48B3-B8DE-010CF2A5F95C}.Release|Any CPU.Build.0 = Release|Any CPU
	EndGlobalSection
	GlobalSection(SolutionProperties) = preSolution
		HideSolutionNode = FALSE
	EndGlobalSection
EndGlobal
